
Microsoft Visual Studio Solution File, Format Version 12.00
# Visual Studio Version 17
VisualStudioVersion = 17.14.36327.8 d17.14
MinimumVisualStudioVersion = 10.0.40219.1
Project("{FAE04EC0-301F-11D3-BF4B-00C04F79EFBC}") = "pruebafinal", "pruebafinal\pruebafinal.csproj", "{08DAFC5A-BB4B-41C8-AE0B-ABF05835C964}"
EndProject
Global
	GlobalSection(SolutionConfigurationPlatforms) = preSolution
		Debug|Any CPU = Debug|Any CPU
		Release|Any CPU = Release|Any CPU
	EndGlobalSection
	GlobalSection(ProjectConfigurationPlatforms) = postSolution
		{08DAFC5A-BB4B-41C8-AE0B-ABF05835C964}.Debug|Any CPU.ActiveCfg = Debug|Any CPU
		{08DAFC5A-BB4B-41C8-AE0B-ABF05835C964}.Debug|Any CPU.Build.0 = Debug|Any CPU
		{08DAFC5A-BB4B-41C8-AE0B-ABF05835C964}.Release|Any CPU.ActiveCfg = Release|Any CPU
		{08DAFC5A-BB4B-41C8-AE0B-ABF05835C964}.Release|Any CPU.Build.0 = Release|Any CPU
	EndGlobalSection
	GlobalSection(SolutionProperties) = preSolution
		HideSolutionNode = FALSE
	EndGlobalSection
	GlobalSection(ExtensibilityGlobals) = postSolution
		SolutionGuid = {17378B0F-BC0D-4F41-B68A-9746E9A6D1F5}
	EndGlobalSection
EndGlobal
